
Microsoft Visual Studio Solution File, Format Version 12.00
# Visual Studio Version 17
VisualStudioVersion = 17.1.32228.430
MinimumVisualStudioVersion = 10.0.40219.1
Project("{9A19103F-16F7-4668-BE54-9A1E7A4F7556}") = "Introduction", "Introduction\Introduction.csproj", "{06D99967-4B2D-45AC-A42F-6B07148BAA86}"
EndProject
Project("{9A19103F-16F7-4668-BE54-9A1E7A4F7556}") = "Razor", "Razor\Razor.csproj", "{4E4C9330-8C53-45B5-B778-598544A1C308}"
EndProject
Project("{FAE04EC0-301F-11D3-BF4B-00C04F79EFBC}") = "ViewData_ViewBag_Model", "ViewData_ViewBag_Model\ViewData_ViewBag_Model.csproj", "{C46DCC82-1C69-49C6-8532-D7A2CFC934C7}"
EndProject
Global
	GlobalSection(SolutionConfigurationPlatforms) = preSolution
		Debug|Any CPU = Debug|Any CPU
		Release|Any CPU = Release|Any CPU
	EndGlobalSection
	GlobalSection(ProjectConfigurationPlatforms) = postSolution
		{06D99967-4B2D-45AC-A42F-6B07148BAA86}.Debug|Any CPU.ActiveCfg = Debug|Any CPU
		{06D99967-4B2D-45AC-A42F-6B07148BAA86}.Debug|Any CPU.Build.0 = Debug|Any CPU
		{06D99967-4B2D-45AC-A42F-6B07148BAA86}.Release|Any CPU.ActiveCfg = Release|Any CPU
		{06D99967-4B2D-45AC-A42F-6B07148BAA86}.Release|Any CPU.Build.0 = Release|Any CPU
		{4E4C9330-8C53-45B5-B778-598544A1C308}.Debug|Any CPU.ActiveCfg = Debug|Any CPU
		{4E4C9330-8C53-45B5-B778-598544A1C308}.Debug|Any CPU.Build.0 = Debug|Any CPU
		{4E4C9330-8C53-45B5-B778-598544A1C308}.Release|Any CPU.ActiveCfg = Release|Any CPU
		{4E4C9330-8C53-45B5-B778-598544A1C308}.Release|Any CPU.Build.0 = Release|Any CPU
		{C46DCC82-1C69-49C6-8532-D7A2CFC934C7}.Debug|Any CPU.ActiveCfg = Debug|Any CPU
		{C46DCC82-1C69-49C6-8532-D7A2CFC934C7}.Debug|Any CPU.Build.0 = Debug|Any CPU
		{C46DCC82-1C69-49C6-8532-D7A2CFC934C7}.Release|Any CPU.ActiveCfg = Release|Any CPU
		{C46DCC82-1C69-49C6-8532-D7A2CFC934C7}.Release|Any CPU.Build.0 = Release|Any CPU
	EndGlobalSection
	GlobalSection(SolutionProperties) = preSolution
		HideSolutionNode = FALSE
	EndGlobalSection
	GlobalSection(ExtensibilityGlobals) = postSolution
		SolutionGuid = {BED8F00F-DA3A-4F14-B983-285E706F71CE}
	EndGlobalSection
EndGlobal
